// !$*UTF8*$!
{
	archiveVersion = 1;
	classes = {
	};
	objectVersion = 55;
	objects = {

/* Begin PBXBuildFile section */
		6089A29C56E169839089E126 /* Pods_Football_League.framework in Frameworks */ = {isa = PBXBuildFile; fileRef = E032D656F2B8FF11D4F6FD7E /* Pods_Football_League.framework */; };
		8C2C942228E9C0DC00C4B9F8 /* AppDelegate.swift in Sources */ = {isa = PBXBuildFile; fileRef = 8C2C942128E9C0DC00C4B9F8 /* AppDelegate.swift */; };
		8C2C942428E9C0DC00C4B9F8 /* SceneDelegate.swift in Sources */ = {isa = PBXBuildFile; fileRef = 8C2C942328E9C0DC00C4B9F8 /* SceneDelegate.swift */; };
		8C2C942928E9C0DC00C4B9F8 /* Main.storyboard in Resources */ = {isa = PBXBuildFile; fileRef = 8C2C942728E9C0DC00C4B9F8 /* Main.storyboard */; };
		8C2C942C28E9C0DC00C4B9F8 /* Football_League.xcdatamodeld in Sources */ = {isa = PBXBuildFile; fileRef = 8C2C942A28E9C0DC00C4B9F8 /* Football_League.xcdatamodeld */; };
		8C2C942E28E9C0DE00C4B9F8 /* Assets.xcassets in Resources */ = {isa = PBXBuildFile; fileRef = 8C2C942D28E9C0DE00C4B9F8 /* Assets.xcassets */; };
		8C2C943128E9C0DE00C4B9F8 /* LaunchScreen.storyboard in Resources */ = {isa = PBXBuildFile; fileRef = 8C2C942F28E9C0DE00C4B9F8 /* LaunchScreen.storyboard */; };
		8C2C943C28E9C0DE00C4B9F8 /* Football_LeagueTests.swift in Sources */ = {isa = PBXBuildFile; fileRef = 8C2C943B28E9C0DE00C4B9F8 /* Football_LeagueTests.swift */; };
		8C2C944628E9C0DE00C4B9F8 /* Football_LeagueUITests.swift in Sources */ = {isa = PBXBuildFile; fileRef = 8C2C944528E9C0DE00C4B9F8 /* Football_LeagueUITests.swift */; };
		8C2C944828E9C0DE00C4B9F8 /* Football_LeagueUITestsLaunchTests.swift in Sources */ = {isa = PBXBuildFile; fileRef = 8C2C944728E9C0DE00C4B9F8 /* Football_LeagueUITestsLaunchTests.swift */; };
		8C79C1AC28EA006400FA6D17 /* ApplicationNetworking.swift in Sources */ = {isa = PBXBuildFile; fileRef = 8C79C1AB28EA006400FA6D17 /* ApplicationNetworking.swift */; };
		8C79C1AE28EA009100FA6D17 /* BaseAPI.swift in Sources */ = {isa = PBXBuildFile; fileRef = 8C79C1AD28EA009100FA6D17 /* BaseAPI.swift */; };
		8C79C1B028EA00B700FA6D17 /* TargetType.swift in Sources */ = {isa = PBXBuildFile; fileRef = 8C79C1AF28EA00B700FA6D17 /* TargetType.swift */; };
		8C79C1B228EA03BF00FA6D17 /* Constants.swift in Sources */ = {isa = PBXBuildFile; fileRef = 8C79C1B128EA03BF00FA6D17 /* Constants.swift */; };
		8C79C1B428EA067800FA6D17 /* CompetionsApi.swift in Sources */ = {isa = PBXBuildFile; fileRef = 8C79C1B328EA067800FA6D17 /* CompetionsApi.swift */; };
		8C79C1B628EA078F00FA6D17 /* CompetionsApiContract.swift in Sources */ = {isa = PBXBuildFile; fileRef = 8C79C1B528EA078F00FA6D17 /* CompetionsApiContract.swift */; };
		8C79C1B828EA087300FA6D17 /* CompetionModelElement.swift in Sources */ = {isa = PBXBuildFile; fileRef = 8C79C1B728EA087300FA6D17 /* CompetionModelElement.swift */; };
		8C79C1BB28EA20C800FA6D17 /* CompetionsViewController.swift in Sources */ = {isa = PBXBuildFile; fileRef = 8C79C1BA28EA20C800FA6D17 /* CompetionsViewController.swift */; };
		8C79C1BE28EA212500FA6D17 /* BaseViewController.swift in Sources */ = {isa = PBXBuildFile; fileRef = 8C79C1BD28EA212500FA6D17 /* BaseViewController.swift */; };
		8C79C1C228EA22DE00FA6D17 /* CompetionTableViewCell.swift in Sources */ = {isa = PBXBuildFile; fileRef = 8C79C1C028EA22DE00FA6D17 /* CompetionTableViewCell.swift */; };
		8C79C1C328EA22DE00FA6D17 /* CompetionTableViewCell.xib in Resources */ = {isa = PBXBuildFile; fileRef = 8C79C1C128EA22DE00FA6D17 /* CompetionTableViewCell.xib */; };
		8C79C1C528EA26BC00FA6D17 /* BaseViewModelContract.swift in Sources */ = {isa = PBXBuildFile; fileRef = 8C79C1C428EA26BC00FA6D17 /* BaseViewModelContract.swift */; };
		8C79C1C728EA26E800FA6D17 /* CompetionsViewModelContract.swift in Sources */ = {isa = PBXBuildFile; fileRef = 8C79C1C628EA26E800FA6D17 /* CompetionsViewModelContract.swift */; };
		8C79C1CA28EA297100FA6D17 /* CompetitionsViewModel.swift in Sources */ = {isa = PBXBuildFile; fileRef = 8C79C1C928EA297100FA6D17 /* CompetitionsViewModel.swift */; };
		8C79C1CC28EB501800FA6D17 /* CompetitionContentModel.swift in Sources */ = {isa = PBXBuildFile; fileRef = 8C79C1CB28EB501800FA6D17 /* CompetitionContentModel.swift */; };
		8C79C1CE28EB544800FA6D17 /* CompetitionRepositoryContract.swift in Sources */ = {isa = PBXBuildFile; fileRef = 8C79C1CD28EB544800FA6D17 /* CompetitionRepositoryContract.swift */; };
		8C79C1D028EB553E00FA6D17 /* CompetitionRepository.swift in Sources */ = {isa = PBXBuildFile; fileRef = 8C79C1CF28EB553E00FA6D17 /* CompetitionRepository.swift */; };
		8C79C1D228EB67EE00FA6D17 /* CompetitionTeamsModel.swift in Sources */ = {isa = PBXBuildFile; fileRef = 8C79C1D128EB67EE00FA6D17 /* CompetitionTeamsModel.swift */; };
		8C79C1D728EC160100FA6D17 /* CompetitionDetailsViewController.swift in Sources */ = {isa = PBXBuildFile; fileRef = 8C79C1D628EC160100FA6D17 /* CompetitionDetailsViewController.swift */; };
		8C79C1DA28EC2AB400FA6D17 /* TeamDetailsCell.swift in Sources */ = {isa = PBXBuildFile; fileRef = 8C79C1D828EC2AB400FA6D17 /* TeamDetailsCell.swift */; };
		8C79C1DB28EC2AB400FA6D17 /* TeamDetailsCell.xib in Resources */ = {isa = PBXBuildFile; fileRef = 8C79C1D928EC2AB400FA6D17 /* TeamDetailsCell.xib */; };
		8C79C1E028EC45E400FA6D17 /* ClubDetailsViewController.swift in Sources */ = {isa = PBXBuildFile; fileRef = 8C79C1DF28EC45E400FA6D17 /* ClubDetailsViewController.swift */; };
		8C79C1E328EC4CED00FA6D17 /* ClubDetailsCell.swift in Sources */ = {isa = PBXBuildFile; fileRef = 8C79C1E128EC4CED00FA6D17 /* ClubDetailsCell.swift */; };
		8C79C1E428EC4CED00FA6D17 /* ClubDetailsCell.xib in Resources */ = {isa = PBXBuildFile; fileRef = 8C79C1E228EC4CED00FA6D17 /* ClubDetailsCell.xib */; };
		8C79C1F128ECB24500FA6D17 /* CompetitionsLocalDataSource.swift in Sources */ = {isa = PBXBuildFile; fileRef = 8C79C1F028ECB24500FA6D17 /* CompetitionsLocalDataSource.swift */; };
		9E40ABD5B50E7E57481D3DB6 /* Pods_Football_League_Football_LeagueUITests.framework in Frameworks */ = {isa = PBXBuildFile; fileRef = 433AC527DD9CE26E8956480C /* Pods_Football_League_Football_LeagueUITests.framework */; };
		C6A2A1650736855196924E2E /* Pods_Football_LeagueTests.framework in Frameworks */ = {isa = PBXBuildFile; fileRef = 270B56890827AC7D062ABA9D /* Pods_Football_LeagueTests.framework */; };
/* End PBXBuildFile section */

/* Begin PBXContainerItemProxy section */
		8C2C943828E9C0DE00C4B9F8 /* PBXContainerItemProxy */ = {
			isa = PBXContainerItemProxy;
			containerPortal = 8C2C941628E9C0DB00C4B9F8 /* Project object */;
			proxyType = 1;
			remoteGlobalIDString = 8C2C941D28E9C0DB00C4B9F8;
			remoteInfo = "Football League";
		};
		8C2C944228E9C0DE00C4B9F8 /* PBXContainerItemProxy */ = {
			isa = PBXContainerItemProxy;
			containerPortal = 8C2C941628E9C0DB00C4B9F8 /* Project object */;
			proxyType = 1;
			remoteGlobalIDString = 8C2C941D28E9C0DB00C4B9F8;
			remoteInfo = "Football League";
		};
/* End PBXContainerItemProxy section */

/* Begin PBXFileReference section */
		270B56890827AC7D062ABA9D /* Pods_Football_LeagueTests.framework */ = {isa = PBXFileReference; explicitFileType = wrapper.framework; includeInIndex = 0; path = Pods_Football_LeagueTests.framework; sourceTree = BUILT_PRODUCTS_DIR; };
		37AB953E9F671AD4039F8428 /* Pods-Football LeagueTests.debug.xcconfig */ = {isa = PBXFileReference; includeInIndex = 1; lastKnownFileType = text.xcconfig; name = "Pods-Football LeagueTests.debug.xcconfig"; path = "Target Support Files/Pods-Football LeagueTests/Pods-Football LeagueTests.debug.xcconfig"; sourceTree = "<group>"; };
		3EC966F0BD5C329439E011FC /* Pods-Football LeagueTests.release.xcconfig */ = {isa = PBXFileReference; includeInIndex = 1; lastKnownFileType = text.xcconfig; name = "Pods-Football LeagueTests.release.xcconfig"; path = "Target Support Files/Pods-Football LeagueTests/Pods-Football LeagueTests.release.xcconfig"; sourceTree = "<group>"; };
		433AC527DD9CE26E8956480C /* Pods_Football_League_Football_LeagueUITests.framework */ = {isa = PBXFileReference; explicitFileType = wrapper.framework; includeInIndex = 0; path = Pods_Football_League_Football_LeagueUITests.framework; sourceTree = BUILT_PRODUCTS_DIR; };
		4C282480956BF23FAA96008F /* Pods-Football League.debug.xcconfig */ = {isa = PBXFileReference; includeInIndex = 1; lastKnownFileType = text.xcconfig; name = "Pods-Football League.debug.xcconfig"; path = "Target Support Files/Pods-Football League/Pods-Football League.debug.xcconfig"; sourceTree = "<group>"; };
		575C1BD951A274846D752124 /* Pods-Football League-Football LeagueUITests.release.xcconfig */ = {isa = PBXFileReference; includeInIndex = 1; lastKnownFileType = text.xcconfig; name = "Pods-Football League-Football LeagueUITests.release.xcconfig"; path = "Target Support Files/Pods-Football League-Football LeagueUITests/Pods-Football League-Football LeagueUITests.release.xcconfig"; sourceTree = "<group>"; };
		6D59C5257A1904A271A2DD4F /* Pods-Football League.release.xcconfig */ = {isa = PBXFileReference; includeInIndex = 1; lastKnownFileType = text.xcconfig; name = "Pods-Football League.release.xcconfig"; path = "Target Support Files/Pods-Football League/Pods-Football League.release.xcconfig"; sourceTree = "<group>"; };
		8C2C941E28E9C0DC00C4B9F8 /* Football League.app */ = {isa = PBXFileReference; explicitFileType = wrapper.application; includeInIndex = 0; path = "Football League.app"; sourceTree = BUILT_PRODUCTS_DIR; };
		8C2C942128E9C0DC00C4B9F8 /* AppDelegate.swift */ = {isa = PBXFileReference; lastKnownFileType = sourcecode.swift; path = AppDelegate.swift; sourceTree = "<group>"; };
		8C2C942328E9C0DC00C4B9F8 /* SceneDelegate.swift */ = {isa = PBXFileReference; lastKnownFileType = sourcecode.swift; path = SceneDelegate.swift; sourceTree = "<group>"; };
		8C2C942828E9C0DC00C4B9F8 /* Base */ = {isa = PBXFileReference; lastKnownFileType = file.storyboard; name = Base; path = Base.lproj/Main.storyboard; sourceTree = "<group>"; };
		8C2C942B28E9C0DC00C4B9F8 /* Football_League.xcdatamodel */ = {isa = PBXFileReference; lastKnownFileType = wrapper.xcdatamodel; path = Football_League.xcdatamodel; sourceTree = "<group>"; };
		8C2C942D28E9C0DE00C4B9F8 /* Assets.xcassets */ = {isa = PBXFileReference; lastKnownFileType = folder.assetcatalog; path = Assets.xcassets; sourceTree = "<group>"; };
		8C2C943028E9C0DE00C4B9F8 /* Base */ = {isa = PBXFileReference; lastKnownFileType = file.storyboard; name = Base; path = Base.lproj/LaunchScreen.storyboard; sourceTree = "<group>"; };
		8C2C943228E9C0DE00C4B9F8 /* Info.plist */ = {isa = PBXFileReference; lastKnownFileType = text.plist.xml; path = Info.plist; sourceTree = "<group>"; };
		8C2C943728E9C0DE00C4B9F8 /* Football LeagueTests.xctest */ = {isa = PBXFileReference; explicitFileType = wrapper.cfbundle; includeInIndex = 0; path = "Football LeagueTests.xctest"; sourceTree = BUILT_PRODUCTS_DIR; };
		8C2C943B28E9C0DE00C4B9F8 /* Football_LeagueTests.swift */ = {isa = PBXFileReference; lastKnownFileType = sourcecode.swift; path = Football_LeagueTests.swift; sourceTree = "<group>"; };
		8C2C944128E9C0DE00C4B9F8 /* Football LeagueUITests.xctest */ = {isa = PBXFileReference; explicitFileType = wrapper.cfbundle; includeInIndex = 0; path = "Football LeagueUITests.xctest"; sourceTree = BUILT_PRODUCTS_DIR; };
		8C2C944528E9C0DE00C4B9F8 /* Football_LeagueUITests.swift */ = {isa = PBXFileReference; lastKnownFileType = sourcecode.swift; path = Football_LeagueUITests.swift; sourceTree = "<group>"; };
		8C2C944728E9C0DE00C4B9F8 /* Football_LeagueUITestsLaunchTests.swift */ = {isa = PBXFileReference; lastKnownFileType = sourcecode.swift; path = Football_LeagueUITestsLaunchTests.swift; sourceTree = "<group>"; };
		8C79C1AB28EA006400FA6D17 /* ApplicationNetworking.swift */ = {isa = PBXFileReference; lastKnownFileType = sourcecode.swift; path = ApplicationNetworking.swift; sourceTree = "<group>"; };
		8C79C1AD28EA009100FA6D17 /* BaseAPI.swift */ = {isa = PBXFileReference; lastKnownFileType = sourcecode.swift; path = BaseAPI.swift; sourceTree = "<group>"; };
		8C79C1AF28EA00B700FA6D17 /* TargetType.swift */ = {isa = PBXFileReference; lastKnownFileType = sourcecode.swift; path = TargetType.swift; sourceTree = "<group>"; };
		8C79C1B128EA03BF00FA6D17 /* Constants.swift */ = {isa = PBXFileReference; lastKnownFileType = sourcecode.swift; path = Constants.swift; sourceTree = "<group>"; };
		8C79C1B328EA067800FA6D17 /* CompetionsApi.swift */ = {isa = PBXFileReference; lastKnownFileType = sourcecode.swift; path = CompetionsApi.swift; sourceTree = "<group>"; };
		8C79C1B528EA078F00FA6D17 /* CompetionsApiContract.swift */ = {isa = PBXFileReference; lastKnownFileType = sourcecode.swift; path = CompetionsApiContract.swift; sourceTree = "<group>"; };
		8C79C1B728EA087300FA6D17 /* CompetionModelElement.swift */ = {isa = PBXFileReference; lastKnownFileType = sourcecode.swift; path = CompetionModelElement.swift; sourceTree = "<group>"; };
		8C79C1BA28EA20C800FA6D17 /* CompetionsViewController.swift */ = {isa = PBXFileReference; lastKnownFileType = sourcecode.swift; path = CompetionsViewController.swift; sourceTree = "<group>"; };
		8C79C1BD28EA212500FA6D17 /* BaseViewController.swift */ = {isa = PBXFileReference; lastKnownFileType = sourcecode.swift; path = BaseViewController.swift; sourceTree = "<group>"; };
		8C79C1C028EA22DE00FA6D17 /* CompetionTableViewCell.swift */ = {isa = PBXFileReference; lastKnownFileType = sourcecode.swift; path = CompetionTableViewCell.swift; sourceTree = "<group>"; };
		8C79C1C128EA22DE00FA6D17 /* CompetionTableViewCell.xib */ = {isa = PBXFileReference; lastKnownFileType = file.xib; path = CompetionTableViewCell.xib; sourceTree = "<group>"; };
		8C79C1C428EA26BC00FA6D17 /* BaseViewModelContract.swift */ = {isa = PBXFileReference; lastKnownFileType = sourcecode.swift; path = BaseViewModelContract.swift; sourceTree = "<group>"; };
		8C79C1C628EA26E800FA6D17 /* CompetionsViewModelContract.swift */ = {isa = PBXFileReference; lastKnownFileType = sourcecode.swift; path = CompetionsViewModelContract.swift; sourceTree = "<group>"; };
		8C79C1C928EA297100FA6D17 /* CompetitionsViewModel.swift */ = {isa = PBXFileReference; lastKnownFileType = sourcecode.swift; path = CompetitionsViewModel.swift; sourceTree = "<group>"; };
		8C79C1CB28EB501800FA6D17 /* CompetitionContentModel.swift */ = {isa = PBXFileReference; lastKnownFileType = sourcecode.swift; path = CompetitionContentModel.swift; sourceTree = "<group>"; };
		8C79C1CD28EB544800FA6D17 /* CompetitionRepositoryContract.swift */ = {isa = PBXFileReference; lastKnownFileType = sourcecode.swift; path = CompetitionRepositoryContract.swift; sourceTree = "<group>"; };
		8C79C1CF28EB553E00FA6D17 /* CompetitionRepository.swift */ = {isa = PBXFileReference; lastKnownFileType = sourcecode.swift; path = CompetitionRepository.swift; sourceTree = "<group>"; };
		8C79C1D128EB67EE00FA6D17 /* CompetitionTeamsModel.swift */ = {isa = PBXFileReference; lastKnownFileType = sourcecode.swift; path = CompetitionTeamsModel.swift; sourceTree = "<group>"; };
		8C79C1D628EC160100FA6D17 /* CompetitionDetailsViewController.swift */ = {isa = PBXFileReference; lastKnownFileType = sourcecode.swift; path = CompetitionDetailsViewController.swift; sourceTree = "<group>"; };
		8C79C1D828EC2AB400FA6D17 /* TeamDetailsCell.swift */ = {isa = PBXFileReference; lastKnownFileType = sourcecode.swift; path = TeamDetailsCell.swift; sourceTree = "<group>"; };
		8C79C1D928EC2AB400FA6D17 /* TeamDetailsCell.xib */ = {isa = PBXFileReference; lastKnownFileType = file.xib; path = TeamDetailsCell.xib; sourceTree = "<group>"; };
		8C79C1DF28EC45E400FA6D17 /* ClubDetailsViewController.swift */ = {isa = PBXFileReference; lastKnownFileType = sourcecode.swift; path = ClubDetailsViewController.swift; sourceTree = "<group>"; };
		8C79C1E128EC4CED00FA6D17 /* ClubDetailsCell.swift */ = {isa = PBXFileReference; lastKnownFileType = sourcecode.swift; path = ClubDetailsCell.swift; sourceTree = "<group>"; };
		8C79C1E228EC4CED00FA6D17 /* ClubDetailsCell.xib */ = {isa = PBXFileReference; lastKnownFileType = file.xib; path = ClubDetailsCell.xib; sourceTree = "<group>"; };
		8C79C1F028ECB24500FA6D17 /* CompetitionsLocalDataSource.swift */ = {isa = PBXFileReference; lastKnownFileType = sourcecode.swift; path = CompetitionsLocalDataSource.swift; sourceTree = "<group>"; };
		CC386F2A0068A6AF6C46398E /* Pods-Football League-Football LeagueUITests.debug.xcconfig */ = {isa = PBXFileReference; includeInIndex = 1; lastKnownFileType = text.xcconfig; name = "Pods-Football League-Football LeagueUITests.debug.xcconfig"; path = "Target Support Files/Pods-Football League-Football LeagueUITests/Pods-Football League-Football LeagueUITests.debug.xcconfig"; sourceTree = "<group>"; };
		E032D656F2B8FF11D4F6FD7E /* Pods_Football_League.framework */ = {isa = PBXFileReference; explicitFileType = wrapper.framework; includeInIndex = 0; path = Pods_Football_League.framework; sourceTree = BUILT_PRODUCTS_DIR; };
/* End PBXFileReference section */

/* Begin PBXFrameworksBuildPhase section */
		8C2C941B28E9C0DB00C4B9F8 /* Frameworks */ = {
			isa = PBXFrameworksBuildPhase;
			buildActionMask = 2147483647;
			files = (
				6089A29C56E169839089E126 /* Pods_Football_League.framework in Frameworks */,
			);
			runOnlyForDeploymentPostprocessing = 0;
		};
		8C2C943428E9C0DE00C4B9F8 /* Frameworks */ = {
			isa = PBXFrameworksBuildPhase;
			buildActionMask = 2147483647;
			files = (
				C6A2A1650736855196924E2E /* Pods_Football_LeagueTests.framework in Frameworks */,
			);
			runOnlyForDeploymentPostprocessing = 0;
		};
		8C2C943E28E9C0DE00C4B9F8 /* Frameworks */ = {
			isa = PBXFrameworksBuildPhase;
			buildActionMask = 2147483647;
			files = (
				9E40ABD5B50E7E57481D3DB6 /* Pods_Football_League_Football_LeagueUITests.framework in Frameworks */,
			);
			runOnlyForDeploymentPostprocessing = 0;
		};
/* End PBXFrameworksBuildPhase section */

/* Begin PBXGroup section */
		5346038D6C0867EDA9A1FA40 /* Frameworks */ = {
			isa = PBXGroup;
			children = (
				E032D656F2B8FF11D4F6FD7E /* Pods_Football_League.framework */,
				433AC527DD9CE26E8956480C /* Pods_Football_League_Football_LeagueUITests.framework */,
				270B56890827AC7D062ABA9D /* Pods_Football_LeagueTests.framework */,
			);
			name = Frameworks;
			sourceTree = "<group>";
		};
		6B9AB1F1489A510A9B57E224 /* Pods */ = {
			isa = PBXGroup;
			children = (
				4C282480956BF23FAA96008F /* Pods-Football League.debug.xcconfig */,
				6D59C5257A1904A271A2DD4F /* Pods-Football League.release.xcconfig */,
				CC386F2A0068A6AF6C46398E /* Pods-Football League-Football LeagueUITests.debug.xcconfig */,
				575C1BD951A274846D752124 /* Pods-Football League-Football LeagueUITests.release.xcconfig */,
				37AB953E9F671AD4039F8428 /* Pods-Football LeagueTests.debug.xcconfig */,
				3EC966F0BD5C329439E011FC /* Pods-Football LeagueTests.release.xcconfig */,
			);
			path = Pods;
			sourceTree = "<group>";
		};
		8C2C941528E9C0DB00C4B9F8 = {
			isa = PBXGroup;
			children = (
				8C2C942028E9C0DC00C4B9F8 /* Football League */,
				8C2C943A28E9C0DE00C4B9F8 /* Football LeagueTests */,
				8C2C944428E9C0DE00C4B9F8 /* Football LeagueUITests */,
				8C2C941F28E9C0DC00C4B9F8 /* Products */,
				6B9AB1F1489A510A9B57E224 /* Pods */,
				5346038D6C0867EDA9A1FA40 /* Frameworks */,
			);
			sourceTree = "<group>";
		};
		8C2C941F28E9C0DC00C4B9F8 /* Products */ = {
			isa = PBXGroup;
			children = (
				8C2C941E28E9C0DC00C4B9F8 /* Football League.app */,
				8C2C943728E9C0DE00C4B9F8 /* Football LeagueTests.xctest */,
				8C2C944128E9C0DE00C4B9F8 /* Football LeagueUITests.xctest */,
			);
			name = Products;
			sourceTree = "<group>";
		};
		8C2C942028E9C0DC00C4B9F8 /* Football League */ = {
			isa = PBXGroup;
			children = (
				8C79C1A128E9FDF600FA6D17 /* Repository */,
				8C79C1A228E9FDFF00FA6D17 /* Model */,
				8C79C1A328E9FE0B00FA6D17 /* View */,
				8C79C1A428E9FE1600FA6D17 /* ViewModel */,
				8C79C1A528E9FE2000FA6D17 /* Utils */,
				8C2C942128E9C0DC00C4B9F8 /* AppDelegate.swift */,
				8C2C942328E9C0DC00C4B9F8 /* SceneDelegate.swift */,
				8C2C942D28E9C0DE00C4B9F8 /* Assets.xcassets */,
				8C2C942F28E9C0DE00C4B9F8 /* LaunchScreen.storyboard */,
				8C2C943228E9C0DE00C4B9F8 /* Info.plist */,
				8C2C942A28E9C0DC00C4B9F8 /* Football_League.xcdatamodeld */,
			);
			path = "Football League";
			sourceTree = "<group>";
		};
		8C2C943A28E9C0DE00C4B9F8 /* Football LeagueTests */ = {
			isa = PBXGroup;
			children = (
				8C2C943B28E9C0DE00C4B9F8 /* Football_LeagueTests.swift */,
			);
			path = "Football LeagueTests";
			sourceTree = "<group>";
		};
		8C2C944428E9C0DE00C4B9F8 /* Football LeagueUITests */ = {
			isa = PBXGroup;
			children = (
				8C2C944528E9C0DE00C4B9F8 /* Football_LeagueUITests.swift */,
				8C2C944728E9C0DE00C4B9F8 /* Football_LeagueUITestsLaunchTests.swift */,
			);
			path = "Football LeagueUITests";
			sourceTree = "<group>";
		};
		8C79C1A128E9FDF600FA6D17 /* Repository */ = {
			isa = PBXGroup;
			children = (
				8C79C1CF28EB553E00FA6D17 /* CompetitionRepository.swift */,
			);
			path = Repository;
			sourceTree = "<group>";
		};
		8C79C1A228E9FDFF00FA6D17 /* Model */ = {
			isa = PBXGroup;
			children = (
				8C79C1A628E9FFC500FA6D17 /* Contracts */,
				8C79C1A728E9FFCE00FA6D17 /* DTO */,
				8C79C1A828E9FFD700FA6D17 /* LocalDataSource */,
				8C79C1A928E9FFE300FA6D17 /* RemoteDataSource */,
			);
			path = Model;
			sourceTree = "<group>";
		};
		8C79C1A328E9FE0B00FA6D17 /* View */ = {
			isa = PBXGroup;
			children = (
				8C2C942728E9C0DC00C4B9F8 /* Main.storyboard */,
				8C79C1BC28EA210500FA6D17 /* BaseViewController */,
				8C79C1B928EA207600FA6D17 /* CompetionsScreen */,
				8C79C1D328EC148D00FA6D17 /* CompetitionDetailsScreen */,
				8C79C1DC28EC456700FA6D17 /* ClubDetailsScreen */,
			);
			path = View;
			sourceTree = "<group>";
		};
		8C79C1A428E9FE1600FA6D17 /* ViewModel */ = {
			isa = PBXGroup;
			children = (
				8C79C1C828EA295800FA6D17 /* CompetitionsViewModel */,
			);
			path = ViewModel;
			sourceTree = "<group>";
		};
		8C79C1A528E9FE2000FA6D17 /* Utils */ = {
			isa = PBXGroup;
			children = (
				8C79C1B128EA03BF00FA6D17 /* Constants.swift */,
			);
			path = Utils;
			sourceTree = "<group>";
		};
		8C79C1A628E9FFC500FA6D17 /* Contracts */ = {
			isa = PBXGroup;
			children = (
				8C79C1B528EA078F00FA6D17 /* CompetionsApiContract.swift */,
				8C79C1C428EA26BC00FA6D17 /* BaseViewModelContract.swift */,
				8C79C1C628EA26E800FA6D17 /* CompetionsViewModelContract.swift */,
				8C79C1CD28EB544800FA6D17 /* CompetitionRepositoryContract.swift */,
			);
			path = Contracts;
			sourceTree = "<group>";
		};
		8C79C1A728E9FFCE00FA6D17 /* DTO */ = {
			isa = PBXGroup;
			children = (
				8C79C1CB28EB501800FA6D17 /* CompetitionContentModel.swift */,
				8C79C1B728EA087300FA6D17 /* CompetionModelElement.swift */,
				8C79C1D128EB67EE00FA6D17 /* CompetitionTeamsModel.swift */,
			);
			path = DTO;
			sourceTree = "<group>";
		};
		8C79C1A828E9FFD700FA6D17 /* LocalDataSource */ = {
			isa = PBXGroup;
			children = (
				8C79C1F028ECB24500FA6D17 /* CompetitionsLocalDataSource.swift */,
			);
			path = LocalDataSource;
			sourceTree = "<group>";
		};
		8C79C1A928E9FFE300FA6D17 /* RemoteDataSource */ = {
			isa = PBXGroup;
			children = (
				8C79C1AB28EA006400FA6D17 /* ApplicationNetworking.swift */,
				8C79C1AD28EA009100FA6D17 /* BaseAPI.swift */,
				8C79C1AF28EA00B700FA6D17 /* TargetType.swift */,
				8C79C1B328EA067800FA6D17 /* CompetionsApi.swift */,
			);
			path = RemoteDataSource;
			sourceTree = "<group>";
		};
		8C79C1B928EA207600FA6D17 /* CompetionsScreen */ = {
			isa = PBXGroup;
			children = (
				8C79C1BF28EA229800FA6D17 /* CompetionTableCell */,
				8C79C1BA28EA20C800FA6D17 /* CompetionsViewController.swift */,
			);
			path = CompetionsScreen;
			sourceTree = "<group>";
		};
		8C79C1BC28EA210500FA6D17 /* BaseViewController */ = {
			isa = PBXGroup;
			children = (
				8C79C1BD28EA212500FA6D17 /* BaseViewController.swift */,
			);
			path = BaseViewController;
			sourceTree = "<group>";
		};
		8C79C1BF28EA229800FA6D17 /* CompetionTableCell */ = {
			isa = PBXGroup;
			children = (
				8C79C1C028EA22DE00FA6D17 /* CompetionTableViewCell.swift */,
				8C79C1C128EA22DE00FA6D17 /* CompetionTableViewCell.xib */,
			);
			path = CompetionTableCell;
			sourceTree = "<group>";
		};
		8C79C1C828EA295800FA6D17 /* CompetitionsViewModel */ = {
			isa = PBXGroup;
			children = (
				8C79C1C928EA297100FA6D17 /* CompetitionsViewModel.swift */,
			);
			path = CompetitionsViewModel;
			sourceTree = "<group>";
		};
		8C79C1D328EC148D00FA6D17 /* CompetitionDetailsScreen */ = {
			isa = PBXGroup;
			children = (
				8C79C1D428EC14B700FA6D17 /* DetailsScreen */,
				8C79C1D528EC14CA00FA6D17 /* DetailsScreencells */,
			);
			path = CompetitionDetailsScreen;
			sourceTree = "<group>";
		};
		8C79C1D428EC14B700FA6D17 /* DetailsScreen */ = {
			isa = PBXGroup;
			children = (
				8C79C1D628EC160100FA6D17 /* CompetitionDetailsViewController.swift */,
			);
			path = DetailsScreen;
			sourceTree = "<group>";
		};
		8C79C1D528EC14CA00FA6D17 /* DetailsScreencells */ = {
			isa = PBXGroup;
			children = (
				8C79C1D828EC2AB400FA6D17 /* TeamDetailsCell.swift */,
				8C79C1D928EC2AB400FA6D17 /* TeamDetailsCell.xib */,
			);
			path = DetailsScreencells;
			sourceTree = "<group>";
		};
		8C79C1DC28EC456700FA6D17 /* ClubDetailsScreen */ = {
			isa = PBXGroup;
			children = (
				8C79C1DD28EC458B00FA6D17 /* ClubDetailsScreenVC */,
				8C79C1DE28EC45A400FA6D17 /* ClubDetailsScreenCells */,
			);
			path = ClubDetailsScreen;
			sourceTree = "<group>";
		};
		8C79C1DD28EC458B00FA6D17 /* ClubDetailsScreenVC */ = {
			isa = PBXGroup;
			children = (
				8C79C1DF28EC45E400FA6D17 /* ClubDetailsViewController.swift */,
			);
			path = ClubDetailsScreenVC;
			sourceTree = "<group>";
		};
		8C79C1DE28EC45A400FA6D17 /* ClubDetailsScreenCells */ = {
			isa = PBXGroup;
			children = (
				8C79C1E128EC4CED00FA6D17 /* ClubDetailsCell.swift */,
				8C79C1E228EC4CED00FA6D17 /* ClubDetailsCell.xib */,
			);
			path = ClubDetailsScreenCells;
			sourceTree = "<group>";
		};
/* End PBXGroup section */

/* Begin PBXNativeTarget section */
		8C2C941D28E9C0DB00C4B9F8 /* Football League */ = {
			isa = PBXNativeTarget;
			buildConfigurationList = 8C2C944B28E9C0DE00C4B9F8 /* Build configuration list for PBXNativeTarget "Football League" */;
			buildPhases = (
				D635B7C7F4FC3595231CD316 /* [CP] Check Pods Manifest.lock */,
				8C2C941A28E9C0DB00C4B9F8 /* Sources */,
				8C2C941B28E9C0DB00C4B9F8 /* Frameworks */,
				8C2C941C28E9C0DB00C4B9F8 /* Resources */,
				BAA305C846911AE4111BFC80 /* [CP] Embed Pods Frameworks */,
			);
			buildRules = (
			);
			dependencies = (
			);
			name = "Football League";
			productName = "Football League";
			productReference = 8C2C941E28E9C0DC00C4B9F8 /* Football League.app */;
			productType = "com.apple.product-type.application";
		};
		8C2C943628E9C0DE00C4B9F8 /* Football LeagueTests */ = {
			isa = PBXNativeTarget;
			buildConfigurationList = 8C2C944E28E9C0DE00C4B9F8 /* Build configuration list for PBXNativeTarget "Football LeagueTests" */;
			buildPhases = (
				09F6EBFEC853561B2AA482B2 /* [CP] Check Pods Manifest.lock */,
				8C2C943328E9C0DE00C4B9F8 /* Sources */,
				8C2C943428E9C0DE00C4B9F8 /* Frameworks */,
				8C2C943528E9C0DE00C4B9F8 /* Resources */,
			);
			buildRules = (
			);
			dependencies = (
				8C2C943928E9C0DE00C4B9F8 /* PBXTargetDependency */,
			);
			name = "Football LeagueTests";
			productName = "Football LeagueTests";
			productReference = 8C2C943728E9C0DE00C4B9F8 /* Football LeagueTests.xctest */;
			productType = "com.apple.product-type.bundle.unit-test";
		};
		8C2C944028E9C0DE00C4B9F8 /* Football LeagueUITests */ = {
			isa = PBXNativeTarget;
			buildConfigurationList = 8C2C945128E9C0DE00C4B9F8 /* Build configuration list for PBXNativeTarget "Football LeagueUITests" */;
			buildPhases = (
				9512E3FD860B51BCE003CA87 /* [CP] Check Pods Manifest.lock */,
				8C2C943D28E9C0DE00C4B9F8 /* Sources */,
				8C2C943E28E9C0DE00C4B9F8 /* Frameworks */,
				8C2C943F28E9C0DE00C4B9F8 /* Resources */,
				218BB1D8B8745A1DC91C14FB /* [CP] Embed Pods Frameworks */,
			);
			buildRules = (
			);
			dependencies = (
				8C2C944328E9C0DE00C4B9F8 /* PBXTargetDependency */,
			);
			name = "Football LeagueUITests";
			productName = "Football LeagueUITests";
			productReference = 8C2C944128E9C0DE00C4B9F8 /* Football LeagueUITests.xctest */;
			productType = "com.apple.product-type.bundle.ui-testing";
		};
/* End PBXNativeTarget section */

/* Begin PBXProject section */
		8C2C941628E9C0DB00C4B9F8 /* Project object */ = {
			isa = PBXProject;
			attributes = {
				BuildIndependentTargetsInParallel = 1;
				LastSwiftUpdateCheck = 1330;
				LastUpgradeCheck = 1330;
				TargetAttributes = {
					8C2C941D28E9C0DB00C4B9F8 = {
						CreatedOnToolsVersion = 13.3;
					};
					8C2C943628E9C0DE00C4B9F8 = {
						CreatedOnToolsVersion = 13.3;
						TestTargetID = 8C2C941D28E9C0DB00C4B9F8;
					};
					8C2C944028E9C0DE00C4B9F8 = {
						CreatedOnToolsVersion = 13.3;
						TestTargetID = 8C2C941D28E9C0DB00C4B9F8;
					};
				};
			};
			buildConfigurationList = 8C2C941928E9C0DB00C4B9F8 /* Build configuration list for PBXProject "Football League" */;
			compatibilityVersion = "Xcode 13.0";
			developmentRegion = en;
			hasScannedForEncodings = 0;
			knownRegions = (
				en,
				Base,
			);
			mainGroup = 8C2C941528E9C0DB00C4B9F8;
			productRefGroup = 8C2C941F28E9C0DC00C4B9F8 /* Products */;
			projectDirPath = "";
			projectRoot = "";
			targets = (
				8C2C941D28E9C0DB00C4B9F8 /* Football League */,
				8C2C943628E9C0DE00C4B9F8 /* Football LeagueTests */,
				8C2C944028E9C0DE00C4B9F8 /* Football LeagueUITests */,
			);
		};
/* End PBXProject section */

/* Begin PBXResourcesBuildPhase section */
		8C2C941C28E9C0DB00C4B9F8 /* Resources */ = {
			isa = PBXResourcesBuildPhase;
			buildActionMask = 2147483647;
			files = (
				8C79C1C328EA22DE00FA6D17 /* CompetionTableViewCell.xib in Resources */,
				8C2C943128E9C0DE00C4B9F8 /* LaunchScreen.storyboard in Resources */,
				8C2C942E28E9C0DE00C4B9F8 /* Assets.xcassets in Resources */,
				8C79C1DB28EC2AB400FA6D17 /* TeamDetailsCell.xib in Resources */,
				8C79C1E428EC4CED00FA6D17 /* ClubDetailsCell.xib in Resources */,
				8C2C942928E9C0DC00C4B9F8 /* Main.storyboard in Resources */,
			);
			runOnlyForDeploymentPostprocessing = 0;
		};
		8C2C943528E9C0DE00C4B9F8 /* Resources */ = {
			isa = PBXResourcesBuildPhase;
			buildActionMask = 2147483647;
			files = (
			);
			runOnlyForDeploymentPostprocessing = 0;
		};
		8C2C943F28E9C0DE00C4B9F8 /* Resources */ = {
			isa = PBXResourcesBuildPhase;
			buildActionMask = 2147483647;
			files = (
			);
			runOnlyForDeploymentPostprocessing = 0;
		};
/* End PBXResourcesBuildPhase section */

/* Begin PBXShellScriptBuildPhase section */
		09F6EBFEC853561B2AA482B2 /* [CP] Check Pods Manifest.lock */ = {
			isa = PBXShellScriptBuildPhase;
			buildActionMask = 2147483647;
			files = (
			);
			inputFileListPaths = (
			);
			inputPaths = (
				"${PODS_PODFILE_DIR_PATH}/Podfile.lock",
				"${PODS_ROOT}/Manifest.lock",
			);
			name = "[CP] Check Pods Manifest.lock";
			outputFileListPaths = (
			);
			outputPaths = (
				"$(DERIVED_FILE_DIR)/Pods-Football LeagueTests-checkManifestLockResult.txt",
			);
			runOnlyForDeploymentPostprocessing = 0;
			shellPath = /bin/sh;
			shellScript = "diff \"${PODS_PODFILE_DIR_PATH}/Podfile.lock\" \"${PODS_ROOT}/Manifest.lock\" > /dev/null\nif [ $? != 0 ] ; then\n    # print error to STDERR\n    echo \"error: The sandbox is not in sync with the Podfile.lock. Run 'pod install' or update your CocoaPods installation.\" >&2\n    exit 1\nfi\n# This output is used by Xcode 'outputs' to avoid re-running this script phase.\necho \"SUCCESS\" > \"${SCRIPT_OUTPUT_FILE_0}\"\n";
			showEnvVarsInLog = 0;
		};
		218BB1D8B8745A1DC91C14FB /* [CP] Embed Pods Frameworks */ = {
			isa = PBXShellScriptBuildPhase;
			buildActionMask = 2147483647;
			files = (
			);
			inputFileListPaths = (
				"${PODS_ROOT}/Target Support Files/Pods-Football League-Football LeagueUITests/Pods-Football League-Football LeagueUITests-frameworks-${CONFIGURATION}-input-files.xcfilelist",
			);
			name = "[CP] Embed Pods Frameworks";
			outputFileListPaths = (
				"${PODS_ROOT}/Target Support Files/Pods-Football League-Football LeagueUITests/Pods-Football League-Football LeagueUITests-frameworks-${CONFIGURATION}-output-files.xcfilelist",
			);
			runOnlyForDeploymentPostprocessing = 0;
			shellPath = /bin/sh;
			shellScript = "\"${PODS_ROOT}/Target Support Files/Pods-Football League-Football LeagueUITests/Pods-Football League-Football LeagueUITests-frameworks.sh\"\n";
			showEnvVarsInLog = 0;
		};
		9512E3FD860B51BCE003CA87 /* [CP] Check Pods Manifest.lock */ = {
			isa = PBXShellScriptBuildPhase;
			buildActionMask = 2147483647;
			files = (
			);
			inputFileListPaths = (
			);
			inputPaths = (
				"${PODS_PODFILE_DIR_PATH}/Podfile.lock",
				"${PODS_ROOT}/Manifest.lock",
			);
			name = "[CP] Check Pods Manifest.lock";
			outputFileListPaths = (
			);
			outputPaths = (
				"$(DERIVED_FILE_DIR)/Pods-Football League-Football LeagueUITests-checkManifestLockResult.txt",
			);
			runOnlyForDeploymentPostprocessing = 0;
			shellPath = /bin/sh;
			shellScript = "diff \"${PODS_PODFILE_DIR_PATH}/Podfile.lock\" \"${PODS_ROOT}/Manifest.lock\" > /dev/null\nif [ $? != 0 ] ; then\n    # print error to STDERR\n    echo \"error: The sandbox is not in sync with the Podfile.lock. Run 'pod install' or update your CocoaPods installation.\" >&2\n    exit 1\nfi\n# This output is used by Xcode 'outputs' to avoid re-running this script phase.\necho \"SUCCESS\" > \"${SCRIPT_OUTPUT_FILE_0}\"\n";
			showEnvVarsInLog = 0;
		};
		BAA305C846911AE4111BFC80 /* [CP] Embed Pods Frameworks */ = {
			isa = PBXShellScriptBuildPhase;
			buildActionMask = 2147483647;
			files = (
			);
			inputFileListPaths = (
				"${PODS_ROOT}/Target Support Files/Pods-Football League/Pods-Football League-frameworks-${CONFIGURATION}-input-files.xcfilelist",
			);
			name = "[CP] Embed Pods Frameworks";
			outputFileListPaths = (
				"${PODS_ROOT}/Target Support Files/Pods-Football League/Pods-Football League-frameworks-${CONFIGURATION}-output-files.xcfilelist",
			);
			runOnlyForDeploymentPostprocessing = 0;
			shellPath = /bin/sh;
			shellScript = "\"${PODS_ROOT}/Target Support Files/Pods-Football League/Pods-Football League-frameworks.sh\"\n";
			showEnvVarsInLog = 0;
		};
		D635B7C7F4FC3595231CD316 /* [CP] Check Pods Manifest.lock */ = {
			isa = PBXShellScriptBuildPhase;
			buildActionMask = 2147483647;
			files = (
			);
			inputFileListPaths = (
			);
			inputPaths = (
				"${PODS_PODFILE_DIR_PATH}/Podfile.lock",
				"${PODS_ROOT}/Manifest.lock",
			);
			name = "[CP] Check Pods Manifest.lock";
			outputFileListPaths = (
			);
			outputPaths = (
				"$(DERIVED_FILE_DIR)/Pods-Football League-checkManifestLockResult.txt",
			);
			runOnlyForDeploymentPostprocessing = 0;
			shellPath = /bin/sh;
			shellScript = "diff \"${PODS_PODFILE_DIR_PATH}/Podfile.lock\" \"${PODS_ROOT}/Manifest.lock\" > /dev/null\nif [ $? != 0 ] ; then\n    # print error to STDERR\n    echo \"error: The sandbox is not in sync with the Podfile.lock. Run 'pod install' or update your CocoaPods installation.\" >&2\n    exit 1\nfi\n# This output is used by Xcode 'outputs' to avoid re-running this script phase.\necho \"SUCCESS\" > \"${SCRIPT_OUTPUT_FILE_0}\"\n";
			showEnvVarsInLog = 0;
		};
/* End PBXShellScriptBuildPhase section */

/* Begin PBXSourcesBuildPhase section */
		8C2C941A28E9C0DB00C4B9F8 /* Sources */ = {
			isa = PBXSourcesBuildPhase;
			buildActionMask = 2147483647;
			files = (
				8C79C1C528EA26BC00FA6D17 /* BaseViewModelContract.swift in Sources */,
				8C79C1C228EA22DE00FA6D17 /* CompetionTableViewCell.swift in Sources */,
				8C79C1BE28EA212500FA6D17 /* BaseViewController.swift in Sources */,
				8C79C1BB28EA20C800FA6D17 /* CompetionsViewController.swift in Sources */,
				8C79C1D028EB553E00FA6D17 /* CompetitionRepository.swift in Sources */,
				8C79C1CC28EB501800FA6D17 /* CompetitionContentModel.swift in Sources */,
				8C79C1C728EA26E800FA6D17 /* CompetionsViewModelContract.swift in Sources */,
				8C79C1D228EB67EE00FA6D17 /* CompetitionTeamsModel.swift in Sources */,
				8C79C1B828EA087300FA6D17 /* CompetionModelElement.swift in Sources */,
				8C79C1B628EA078F00FA6D17 /* CompetionsApiContract.swift in Sources */,
				8C79C1AC28EA006400FA6D17 /* ApplicationNetworking.swift in Sources */,
				8C2C942C28E9C0DC00C4B9F8 /* Football_League.xcdatamodeld in Sources */,
				8C79C1E028EC45E400FA6D17 /* ClubDetailsViewController.swift in Sources */,
				8C79C1AE28EA009100FA6D17 /* BaseAPI.swift in Sources */,
				8C79C1CA28EA297100FA6D17 /* CompetitionsViewModel.swift in Sources */,
				8C79C1CE28EB544800FA6D17 /* CompetitionRepositoryContract.swift in Sources */,
				8C79C1E328EC4CED00FA6D17 /* ClubDetailsCell.swift in Sources */,
				8C2C942228E9C0DC00C4B9F8 /* AppDelegate.swift in Sources */,
				8C79C1F128ECB24500FA6D17 /* CompetitionsLocalDataSource.swift in Sources */,
				8C2C942428E9C0DC00C4B9F8 /* SceneDelegate.swift in Sources */,
				8C79C1B028EA00B700FA6D17 /* TargetType.swift in Sources */,
				8C79C1D728EC160100FA6D17 /* CompetitionDetailsViewController.swift in Sources */,
				8C79C1DA28EC2AB400FA6D17 /* TeamDetailsCell.swift in Sources */,
				8C79C1B228EA03BF00FA6D17 /* Constants.swift in Sources */,
				8C79C1B428EA067800FA6D17 /* CompetionsApi.swift in Sources */,
			);
			runOnlyForDeploymentPostprocessing = 0;
		};
		8C2C943328E9C0DE00C4B9F8 /* Sources */ = {
			isa = PBXSourcesBuildPhase;
			buildActionMask = 2147483647;
			files = (
				8C2C943C28E9C0DE00C4B9F8 /* Football_LeagueTests.swift in Sources */,
			);
			runOnlyForDeploymentPostprocessing = 0;
		};
		8C2C943D28E9C0DE00C4B9F8 /* Sources */ = {
			isa = PBXSourcesBuildPhase;
			buildActionMask = 2147483647;
			files = (
				8C2C944828E9C0DE00C4B9F8 /* Football_LeagueUITestsLaunchTests.swift in Sources */,
				8C2C944628E9C0DE00C4B9F8 /* Football_LeagueUITests.swift in Sources */,
			);
			runOnlyForDeploymentPostprocessing = 0;
		};
/* End PBXSourcesBuildPhase section */

/* Begin PBXTargetDependency section */
		8C2C943928E9C0DE00C4B9F8 /* PBXTargetDependency */ = {
			isa = PBXTargetDependency;
			target = 8C2C941D28E9C0DB00C4B9F8 /* Football League */;
			targetProxy = 8C2C943828E9C0DE00C4B9F8 /* PBXContainerItemProxy */;
		};
		8C2C944328E9C0DE00C4B9F8 /* PBXTargetDependency */ = {
			isa = PBXTargetDependency;
			target = 8C2C941D28E9C0DB00C4B9F8 /* Football League */;
			targetProxy = 8C2C944228E9C0DE00C4B9F8 /* PBXContainerItemProxy */;
		};
/* End PBXTargetDependency section */

/* Begin PBXVariantGroup section */
		8C2C942728E9C0DC00C4B9F8 /* Main.storyboard */ = {
			isa = PBXVariantGroup;
			children = (
				8C2C942828E9C0DC00C4B9F8 /* Base */,
			);
			name = Main.storyboard;
			sourceTree = "<group>";
		};
		8C2C942F28E9C0DE00C4B9F8 /* LaunchScreen.storyboard */ = {
			isa = PBXVariantGroup;
			children = (
				8C2C943028E9C0DE00C4B9F8 /* Base */,
			);
			name = LaunchScreen.storyboard;
			sourceTree = "<group>";
		};
/* End PBXVariantGroup section */

/* Begin XCBuildConfiguration section */
		8C2C944928E9C0DE00C4B9F8 /* Debug */ = {
			isa = XCBuildConfiguration;
			buildSettings = {
				ALWAYS_SEARCH_USER_PATHS = NO;
				CLANG_ANALYZER_NONNULL = YES;
				CLANG_ANALYZER_NUMBER_OBJECT_CONVERSION = YES_AGGRESSIVE;
				CLANG_CXX_LANGUAGE_STANDARD = "gnu++17";
				CLANG_ENABLE_MODULES = YES;
				CLANG_ENABLE_OBJC_ARC = YES;
				CLANG_ENABLE_OBJC_WEAK = YES;
				CLANG_WARN_BLOCK_CAPTURE_AUTORELEASING = YES;
				CLANG_WARN_BOOL_CONVERSION = YES;
				CLANG_WARN_COMMA = YES;
				CLANG_WARN_CONSTANT_CONVERSION = YES;
				CLANG_WARN_DEPRECATED_OBJC_IMPLEMENTATIONS = YES;
				CLANG_WARN_DIRECT_OBJC_ISA_USAGE = YES_ERROR;
				CLANG_WARN_DOCUMENTATION_COMMENTS = YES;
				CLANG_WARN_EMPTY_BODY = YES;
				CLANG_WARN_ENUM_CONVERSION = YES;
				CLANG_WARN_INFINITE_RECURSION = YES;
				CLANG_WARN_INT_CONVERSION = YES;
				CLANG_WARN_NON_LITERAL_NULL_CONVERSION = YES;
				CLANG_WARN_OBJC_IMPLICIT_RETAIN_SELF = YES;
				CLANG_WARN_OBJC_LITERAL_CONVERSION = YES;
				CLANG_WARN_OBJC_ROOT_CLASS = YES_ERROR;
				CLANG_WARN_QUOTED_INCLUDE_IN_FRAMEWORK_HEADER = YES;
				CLANG_WARN_RANGE_LOOP_ANALYSIS = YES;
				CLANG_WARN_STRICT_PROTOTYPES = YES;
				CLANG_WARN_SUSPICIOUS_MOVE = YES;
				CLANG_WARN_UNGUARDED_AVAILABILITY = YES_AGGRESSIVE;
				CLANG_WARN_UNREACHABLE_CODE = YES;
				CLANG_WARN__DUPLICATE_METHOD_MATCH = YES;
				COPY_PHASE_STRIP = NO;
				DEBUG_INFORMATION_FORMAT = dwarf;
				ENABLE_STRICT_OBJC_MSGSEND = YES;
				ENABLE_TESTABILITY = YES;
				GCC_C_LANGUAGE_STANDARD = gnu11;
				GCC_DYNAMIC_NO_PIC = NO;
				GCC_NO_COMMON_BLOCKS = YES;
				GCC_OPTIMIZATION_LEVEL = 0;
				GCC_PREPROCESSOR_DEFINITIONS = (
					"DEBUG=1",
					"$(inherited)",
				);
				GCC_WARN_64_TO_32_BIT_CONVERSION = YES;
				GCC_WARN_ABOUT_RETURN_TYPE = YES_ERROR;
				GCC_WARN_UNDECLARED_SELECTOR = YES;
				GCC_WARN_UNINITIALIZED_AUTOS = YES_AGGRESSIVE;
				GCC_WARN_UNUSED_FUNCTION = YES;
				GCC_WARN_UNUSED_VARIABLE = YES;
				IPHONEOS_DEPLOYMENT_TARGET = 15.4;
				MTL_ENABLE_DEBUG_INFO = INCLUDE_SOURCE;
				MTL_FAST_MATH = YES;
				ONLY_ACTIVE_ARCH = YES;
				SDKROOT = iphoneos;
				SWIFT_ACTIVE_COMPILATION_CONDITIONS = DEBUG;
				SWIFT_OPTIMIZATION_LEVEL = "-Onone";
			};
			name = Debug;
		};
		8C2C944A28E9C0DE00C4B9F8 /* Release */ = {
			isa = XCBuildConfiguration;
			buildSettings = {
				ALWAYS_SEARCH_USER_PATHS = NO;
				CLANG_ANALYZER_NONNULL = YES;
				CLANG_ANALYZER_NUMBER_OBJECT_CONVERSION = YES_AGGRESSIVE;
				CLANG_CXX_LANGUAGE_STANDARD = "gnu++17";
				CLANG_ENABLE_MODULES = YES;
				CLANG_ENABLE_OBJC_ARC = YES;
				CLANG_ENABLE_OBJC_WEAK = YES;
				CLANG_WARN_BLOCK_CAPTURE_AUTORELEASING = YES;
				CLANG_WARN_BOOL_CONVERSION = YES;
				CLANG_WARN_COMMA = YES;
				CLANG_WARN_CONSTANT_CONVERSION = YES;
				CLANG_WARN_DEPRECATED_OBJC_IMPLEMENTATIONS = YES;
				CLANG_WARN_DIRECT_OBJC_ISA_USAGE = YES_ERROR;
				CLANG_WARN_DOCUMENTATION_COMMENTS = YES;
				CLANG_WARN_EMPTY_BODY = YES;
				CLANG_WARN_ENUM_CONVERSION = YES;
				CLANG_WARN_INFINITE_RECURSION = YES;
				CLANG_WARN_INT_CONVERSION = YES;
				CLANG_WARN_NON_LITERAL_NULL_CONVERSION = YES;
				CLANG_WARN_OBJC_IMPLICIT_RETAIN_SELF = YES;
				CLANG_WARN_OBJC_LITERAL_CONVERSION = YES;
				CLANG_WARN_OBJC_ROOT_CLASS = YES_ERROR;
				CLANG_WARN_QUOTED_INCLUDE_IN_FRAMEWORK_HEADER = YES;
				CLANG_WARN_RANGE_LOOP_ANALYSIS = YES;
				CLANG_WARN_STRICT_PROTOTYPES = YES;
				CLANG_WARN_SUSPICIOUS_MOVE = YES;
				CLANG_WARN_UNGUARDED_AVAILABILITY = YES_AGGRESSIVE;
				CLANG_WARN_UNREACHABLE_CODE = YES;
				CLANG_WARN__DUPLICATE_METHOD_MATCH = YES;
				COPY_PHASE_STRIP = NO;
				DEBUG_INFORMATION_FORMAT = "dwarf-with-dsym";
				ENABLE_NS_ASSERTIONS = NO;
				ENABLE_STRICT_OBJC_MSGSEND = YES;
				GCC_C_LANGUAGE_STANDARD = gnu11;
				GCC_NO_COMMON_BLOCKS = YES;
				GCC_WARN_64_TO_32_BIT_CONVERSION = YES;
				GCC_WARN_ABOUT_RETURN_TYPE = YES_ERROR;
				GCC_WARN_UNDECLARED_SELECTOR = YES;
				GCC_WARN_UNINITIALIZED_AUTOS = YES_AGGRESSIVE;
				GCC_WARN_UNUSED_FUNCTION = YES;
				GCC_WARN_UNUSED_VARIABLE = YES;
				IPHONEOS_DEPLOYMENT_TARGET = 15.4;
				MTL_ENABLE_DEBUG_INFO = NO;
				MTL_FAST_MATH = YES;
				SDKROOT = iphoneos;
				SWIFT_COMPILATION_MODE = wholemodule;
				SWIFT_OPTIMIZATION_LEVEL = "-O";
				VALIDATE_PRODUCT = YES;
			};
			name = Release;
		};
		8C2C944C28E9C0DE00C4B9F8 /* Debug */ = {
			isa = XCBuildConfiguration;
			baseConfigurationReference = 4C282480956BF23FAA96008F /* Pods-Football League.debug.xcconfig */;
			buildSettings = {
				ASSETCATALOG_COMPILER_APPICON_NAME = AppIcon;
				ASSETCATALOG_COMPILER_GLOBAL_ACCENT_COLOR_NAME = AccentColor;
				CODE_SIGN_STYLE = Automatic;
				CURRENT_PROJECT_VERSION = 1;
				DEVELOPMENT_TEAM = PF8777A2YF;
				GENERATE_INFOPLIST_FILE = YES;
				INFOPLIST_FILE = "Football League/Info.plist";
				INFOPLIST_KEY_UIApplicationSupportsIndirectInputEvents = YES;
				INFOPLIST_KEY_UILaunchStoryboardName = LaunchScreen;
				INFOPLIST_KEY_UIMainStoryboardFile = Main;
				INFOPLIST_KEY_UISupportedInterfaceOrientations = UIInterfaceOrientationPortrait;
				INFOPLIST_KEY_UISupportedInterfaceOrientations_iPad = "UIInterfaceOrientationPortrait UIInterfaceOrientationPortraitUpsideDown UIInterfaceOrientationLandscapeLeft UIInterfaceOrientationLandscapeRight";
				INFOPLIST_KEY_UISupportedInterfaceOrientations_iPhone = "UIInterfaceOrientationPortrait UIInterfaceOrientationLandscapeLeft UIInterfaceOrientationLandscapeRight";
				LD_RUNPATH_SEARCH_PATHS = (
					"$(inherited)",
					"@executable_path/Frameworks",
				);
				MARKETING_VERSION = 1.0;
				PRODUCT_BUNDLE_IDENTIFIER = "com.app.joe.Football-League";
				PRODUCT_NAME = "$(TARGET_NAME)";
				SWIFT_EMIT_LOC_STRINGS = YES;
				SWIFT_VERSION = 5.0;
				TARGETED_DEVICE_FAMILY = "1,2";
			};
			name = Debug;
		};
		8C2C944D28E9C0DE00C4B9F8 /* Release */ = {
			isa = XCBuildConfiguration;
			baseConfigurationReference = 6D59C5257A1904A271A2DD4F /* Pods-Football League.release.xcconfig */;
			buildSettings = {
				ASSETCATALOG_COMPILER_APPICON_NAME = AppIcon;
				ASSETCATALOG_COMPILER_GLOBAL_ACCENT_COLOR_NAME = AccentColor;
				CODE_SIGN_STYLE = Automatic;
				CURRENT_PROJECT_VERSION = 1;
				DEVELOPMENT_TEAM = PF8777A2YF;
				GENERATE_INFOPLIST_FILE = YES;
				INFOPLIST_FILE = "Football League/Info.plist";
				INFOPLIST_KEY_UIApplicationSupportsIndirectInputEvents = YES;
				INFOPLIST_KEY_UILaunchStoryboardName = LaunchScreen;
				INFOPLIST_KEY_UIMainStoryboardFile = Main;
				INFOPLIST_KEY_UISupportedInterfaceOrientations = UIInterfaceOrientationPortrait;
				INFOPLIST_KEY_UISupportedInterfaceOrientations_iPad = "UIInterfaceOrientationPortrait UIInterfaceOrientationPortraitUpsideDown UIInterfaceOrientationLandscapeLeft UIInterfaceOrientationLandscapeRight";
				INFOPLIST_KEY_UISupportedInterfaceOrientations_iPhone = "UIInterfaceOrientationPortrait UIInterfaceOrientationLandscapeLeft UIInterfaceOrientationLandscapeRight";
				LD_RUNPATH_SEARCH_PATHS = (
					"$(inherited)",
					"@executable_path/Frameworks",
				);
				MARKETING_VERSION = 1.0;
				PRODUCT_BUNDLE_IDENTIFIER = "com.app.joe.Football-League";
				PRODUCT_NAME = "$(TARGET_NAME)";
				SWIFT_EMIT_LOC_STRINGS = YES;
				SWIFT_VERSION = 5.0;
				TARGETED_DEVICE_FAMILY = "1,2";
			};
			name = Release;
		};
		8C2C944F28E9C0DE00C4B9F8 /* Debug */ = {
			isa = XCBuildConfiguration;
			baseConfigurationReference = 37AB953E9F671AD4039F8428 /* Pods-Football LeagueTests.debug.xcconfig */;
			buildSettings = {
				ALWAYS_EMBED_SWIFT_STANDARD_LIBRARIES = YES;
				BUNDLE_LOADER = "$(TEST_HOST)";
				CODE_SIGN_STYLE = Automatic;
				CURRENT_PROJECT_VERSION = 1;
				DEVELOPMENT_TEAM = PF8777A2YF;
				GENERATE_INFOPLIST_FILE = YES;
				IPHONEOS_DEPLOYMENT_TARGET = 15.4;
				MARKETING_VERSION = 1.0;
				PRODUCT_BUNDLE_IDENTIFIER = "com.app.joe.Football-LeagueTests";
				PRODUCT_NAME = "$(TARGET_NAME)";
				SWIFT_EMIT_LOC_STRINGS = NO;
				SWIFT_VERSION = 5.0;
				TARGETED_DEVICE_FAMILY = "1,2";
				TEST_HOST = "$(BUILT_PRODUCTS_DIR)/Football League.app/Football League";
			};
			name = Debug;
		};
		8C2C945028E9C0DE00C4B9F8 /* Release */ = {
			isa = XCBuildConfiguration;
			baseConfigurationReference = 3EC966F0BD5C329439E011FC /* Pods-Football LeagueTests.release.xcconfig */;
			buildSettings = {
				ALWAYS_EMBED_SWIFT_STANDARD_LIBRARIES = YES;
				BUNDLE_LOADER = "$(TEST_HOST)";
				CODE_SIGN_STYLE = Automatic;
				CURRENT_PROJECT_VERSION = 1;
				DEVELOPMENT_TEAM = PF8777A2YF;
				GENERATE_INFOPLIST_FILE = YES;
				IPHONEOS_DEPLOYMENT_TARGET = 15.4;
				MARKETING_VERSION = 1.0;
				PRODUCT_BUNDLE_IDENTIFIER = "com.app.joe.Football-LeagueTests";
				PRODUCT_NAME = "$(TARGET_NAME)";
				SWIFT_EMIT_LOC_STRINGS = NO;
				SWIFT_VERSION = 5.0;
				TARGETED_DEVICE_FAMILY = "1,2";
				TEST_HOST = "$(BUILT_PRODUCTS_DIR)/Football League.app/Football League";
			};
			name = Release;
		};
		8C2C945228E9C0DE00C4B9F8 /* Debug */ = {
			isa = XCBuildConfiguration;
			baseConfigurationReference = CC386F2A0068A6AF6C46398E /* Pods-Football League-Football LeagueUITests.debug.xcconfig */;
			buildSettings = {
				ALWAYS_EMBED_SWIFT_STANDARD_LIBRARIES = YES;
				CODE_SIGN_STYLE = Automatic;
				CURRENT_PROJECT_VERSION = 1;
				DEVELOPMENT_TEAM = PF8777A2YF;
				GENERATE_INFOPLIST_FILE = YES;
				MARKETING_VERSION = 1.0;
				PRODUCT_BUNDLE_IDENTIFIER = "com.app.joe.Football-LeagueUITests";
				PRODUCT_NAME = "$(TARGET_NAME)";
				SWIFT_EMIT_LOC_STRINGS = NO;
				SWIFT_VERSION = 5.0;
				TARGETED_DEVICE_FAMILY = "1,2";
				TEST_TARGET_NAME = "Football League";
			};
			name = Debug;
		};
		8C2C945328E9C0DE00C4B9F8 /* Release */ = {
			isa = XCBuildConfiguration;
			baseConfigurationReference = 575C1BD951A274846D752124 /* Pods-Football League-Football LeagueUITests.release.xcconfig */;
			buildSettings = {
				ALWAYS_EMBED_SWIFT_STANDARD_LIBRARIES = YES;
				CODE_SIGN_STYLE = Automatic;
				CURRENT_PROJECT_VERSION = 1;
				DEVELOPMENT_TEAM = PF8777A2YF;
				GENERATE_INFOPLIST_FILE = YES;
				MARKETING_VERSION = 1.0;
				PRODUCT_BUNDLE_IDENTIFIER = "com.app.joe.Football-LeagueUITests";
				PRODUCT_NAME = "$(TARGET_NAME)";
				SWIFT_EMIT_LOC_STRINGS = NO;
				SWIFT_VERSION = 5.0;
				TARGETED_DEVICE_FAMILY = "1,2";
				TEST_TARGET_NAME = "Football League";
			};
			name = Release;
		};
/* End XCBuildConfiguration section */

/* Begin XCConfigurationList section */
		8C2C941928E9C0DB00C4B9F8 /* Build configuration list for PBXProject "Football League" */ = {
			isa = XCConfigurationList;
			buildConfigurations = (
				8C2C944928E9C0DE00C4B9F8 /* Debug */,
				8C2C944A28E9C0DE00C4B9F8 /* Release */,
			);
			defaultConfigurationIsVisible = 0;
			defaultConfigurationName = Release;
		};
		8C2C944B28E9C0DE00C4B9F8 /* Build configuration list for PBXNativeTarget "Football League" */ = {
			isa = XCConfigurationList;
			buildConfigurations = (
				8C2C944C28E9C0DE00C4B9F8 /* Debug */,
				8C2C944D28E9C0DE00C4B9F8 /* Release */,
			);
			defaultConfigurationIsVisible = 0;
			defaultConfigurationName = Release;
		};
		8C2C944E28E9C0DE00C4B9F8 /* Build configuration list for PBXNativeTarget "Football LeagueTests" */ = {
			isa = XCConfigurationList;
			buildConfigurations = (
				8C2C944F28E9C0DE00C4B9F8 /* Debug */,
				8C2C945028E9C0DE00C4B9F8 /* Release */,
			);
			defaultConfigurationIsVisible = 0;
			defaultConfigurationName = Release;
		};
		8C2C945128E9C0DE00C4B9F8 /* Build configuration list for PBXNativeTarget "Football LeagueUITests" */ = {
			isa = XCConfigurationList;
			buildConfigurations = (
				8C2C945228E9C0DE00C4B9F8 /* Debug */,
				8C2C945328E9C0DE00C4B9F8 /* Release */,
			);
			defaultConfigurationIsVisible = 0;
			defaultConfigurationName = Release;
		};
/* End XCConfigurationList section */

/* Begin XCVersionGroup section */
		8C2C942A28E9C0DC00C4B9F8 /* Football_League.xcdatamodeld */ = {
			isa = XCVersionGroup;
			children = (
				8C2C942B28E9C0DC00C4B9F8 /* Football_League.xcdatamodel */,
			);
			currentVersion = 8C2C942B28E9C0DC00C4B9F8 /* Football_League.xcdatamodel */;
			path = Football_League.xcdatamodeld;
			sourceTree = "<group>";
			versionGroupType = wrapper.xcdatamodel;
		};
/* End XCVersionGroup section */
	};
	rootObject = 8C2C941628E9C0DB00C4B9F8 /* Project object */;
}
